// !$*UTF8*$!
{
	archiveVersion = 1;
	classes = {
	};
	objectVersion = 46;
	objects = {

/* Begin PBXBuildFile section */
		24AC7E7E1B8B86D100A74CDF /* main.m in Sources */ = {isa = PBXBuildFile; fileRef = 24AC7E7D1B8B86D100A74CDF /* main.m */; };
		24AC7E811B8B86D100A74CDF /* AppDelegate.m in Sources */ = {isa = PBXBuildFile; fileRef = 24AC7E801B8B86D100A74CDF /* AppDelegate.m */; };
		24AC7E841B8B86D100A74CDF /* LibraryReviewApp.xcdatamodeld in Sources */ = {isa = PBXBuildFile; fileRef = 24AC7E821B8B86D100A74CDF /* LibraryReviewApp.xcdatamodeld */; };
		24AC7E871B8B86D100A74CDF /* ViewController.m in Sources */ = {isa = PBXBuildFile; fileRef = 24AC7E861B8B86D100A74CDF /* ViewController.m */; };
		24AC7E8A1B8B86D100A74CDF /* Main.storyboard in Resources */ = {isa = PBXBuildFile; fileRef = 24AC7E881B8B86D100A74CDF /* Main.storyboard */; };
		24AC7E8C1B8B86D100A74CDF /* Images.xcassets in Resources */ = {isa = PBXBuildFile; fileRef = 24AC7E8B1B8B86D100A74CDF /* Images.xcassets */; };
		24AC7E8F1B8B86D100A74CDF /* LaunchScreen.xib in Resources */ = {isa = PBXBuildFile; fileRef = 24AC7E8D1B8B86D100A74CDF /* LaunchScreen.xib */; };
		24AC7E9B1B8B86D100A74CDF /* LibraryReviewAppTests.m in Sources */ = {isa = PBXBuildFile; fileRef = 24AC7E9A1B8B86D100A74CDF /* LibraryReviewAppTests.m */; };
/* End PBXBuildFile section */

/* Begin PBXContainerItemProxy section */
		24AC7E951B8B86D100A74CDF /* PBXContainerItemProxy */ = {
			isa = PBXContainerItemProxy;
			containerPortal = 24AC7E701B8B86D100A74CDF /* Project object */;
			proxyType = 1;
			remoteGlobalIDString = 24AC7E771B8B86D100A74CDF;
			remoteInfo = LibraryReviewApp;
		};
/* End PBXContainerItemProxy section */

/* Begin PBXFileReference section */
		24AC7E781B8B86D100A74CDF /* LibraryReviewApp.app */ = {isa = PBXFileReference; explicitFileType = wrapper.application; includeInIndex = 0; path = LibraryReviewApp.app; sourceTree = BUILT_PRODUCTS_DIR; };
		24AC7E7C1B8B86D100A74CDF /* Info.plist */ = {isa = PBXFileReference; lastKnownFileType = text.plist.xml; path = Info.plist; sourceTree = "<group>"; };
		24AC7E7D1B8B86D100A74CDF /* main.m */ = {isa = PBXFileReference; lastKnownFileType = sourcecode.c.objc; path = main.m; sourceTree = "<group>"; };
		24AC7E7F1B8B86D100A74CDF /* AppDelegate.h */ = {isa = PBXFileReference; lastKnownFileType = sourcecode.c.h; path = AppDelegate.h; sourceTree = "<group>"; };
		24AC7E801B8B86D100A74CDF /* AppDelegate.m */ = {isa = PBXFileReference; lastKnownFileType = sourcecode.c.objc; path = AppDelegate.m; sourceTree = "<group>"; };
		24AC7E831B8B86D100A74CDF /* LibraryReviewApp.xcdatamodel */ = {isa = PBXFileReference; lastKnownFileType = wrapper.xcdatamodel; path = LibraryReviewApp.xcdatamodel; sourceTree = "<group>"; };
		24AC7E851B8B86D100A74CDF /* ViewController.h */ = {isa = PBXFileReference; lastKnownFileType = sourcecode.c.h; path = ViewController.h; sourceTree = "<group>"; };
		24AC7E861B8B86D100A74CDF /* ViewController.m */ = {isa = PBXFileReference; lastKnownFileType = sourcecode.c.objc; path = ViewController.m; sourceTree = "<group>"; };
		24AC7E891B8B86D100A74CDF /* Base */ = {isa = PBXFileReference; lastKnownFileType = file.storyboard; name = Base; path = Base.lproj/Main.storyboard; sourceTree = "<group>"; };
		24AC7E8B1B8B86D100A74CDF /* Images.xcassets */ = {isa = PBXFileReference; lastKnownFileType = folder.assetcatalog; path = Images.xcassets; sourceTree = "<group>"; };
		24AC7E8E1B8B86D100A74CDF /* Base */ = {isa = PBXFileReference; lastKnownFileType = file.xib; name = Base; path = Base.lproj/LaunchScreen.xib; sourceTree = "<group>"; };
		24AC7E941B8B86D100A74CDF /* LibraryReviewAppTests.xctest */ = {isa = PBXFileReference; explicitFileType = wrapper.cfbundle; includeInIndex = 0; path = LibraryReviewAppTests.xctest; sourceTree = BUILT_PRODUCTS_DIR; };
		24AC7E991B8B86D100A74CDF /* Info.plist */ = {isa = PBXFileReference; lastKnownFileType = text.plist.xml; path = Info.plist; sourceTree = "<group>"; };
		24AC7E9A1B8B86D100A74CDF /* LibraryReviewAppTests.m */ = {isa = PBXFileReference; lastKnownFileType = sourcecode.c.objc; path = LibraryReviewAppTests.m; sourceTree = "<group>"; };
/* End PBXFileReference section */

/* Begin PBXFrameworksBuildPhase section */
		24AC7E751B8B86D100A74CDF /* Frameworks */ = {
			isa = PBXFrameworksBuildPhase;
			buildActionMask = 2147483647;
			files = (
			);
			runOnlyForDeploymentPostprocessing = 0;
		};
		24AC7E911B8B86D100A74CDF /* Frameworks */ = {
			isa = PBXFrameworksBuildPhase;
			buildActionMask = 2147483647;
			files = (
			);
			runOnlyForDeploymentPostprocessing = 0;
		};
/* End PBXFrameworksBuildPhase section */

/* Begin PBXGroup section */
		24AC7E6F1B8B86D100A74CDF = {
			isa = PBXGroup;
			children = (
				24AC7E7A1B8B86D100A74CDF /* LibraryReviewApp */,
				24AC7E971B8B86D100A74CDF /* LibraryReviewAppTests */,
				24AC7E791B8B86D100A74CDF /* Products */,
			);
			sourceTree = "<group>";
		};
		24AC7E791B8B86D100A74CDF /* Products */ = {
			isa = PBXGroup;
			children = (
				24AC7E781B8B86D100A74CDF /* LibraryReviewApp.app */,
				24AC7E941B8B86D100A74CDF /* LibraryReviewAppTests.xctest */,
			);
			name = Products;
			sourceTree = "<group>";
		};
		24AC7E7A1B8B86D100A74CDF /* LibraryReviewApp */ = {
			isa = PBXGroup;
			children = (
				24AC7E7F1B8B86D100A74CDF /* AppDelegate.h */,
				24AC7E801B8B86D100A74CDF /* AppDelegate.m */,
				24AC7E851B8B86D100A74CDF /* ViewController.h */,
				24AC7E861B8B86D100A74CDF /* ViewController.m */,
				24AC7E881B8B86D100A74CDF /* Main.storyboard */,
				24AC7E8B1B8B86D100A74CDF /* Images.xcassets */,
				24AC7E8D1B8B86D100A74CDF /* LaunchScreen.xib */,
				24AC7E821B8B86D100A74CDF /* LibraryReviewApp.xcdatamodeld */,
				24AC7E7B1B8B86D100A74CDF /* Supporting Files */,
			);
			path = LibraryReviewApp;
			sourceTree = "<group>";
		};
		24AC7E7B1B8B86D100A74CDF /* Supporting Files */ = {
			isa = PBXGroup;
			children = (
				24AC7E7C1B8B86D100A74CDF /* Info.plist */,
				24AC7E7D1B8B86D100A74CDF /* main.m */,
			);
			name = "Supporting Files";
			sourceTree = "<group>";
		};
		24AC7E971B8B86D100A74CDF /* LibraryReviewAppTests */ = {
			isa = PBXGroup;
			children = (
				24AC7E9A1B8B86D100A74CDF /* LibraryReviewAppTests.m */,
				24AC7E981B8B86D100A74CDF /* Supporting Files */,
			);
			path = LibraryReviewAppTests;
			sourceTree = "<group>";
		};
		24AC7E981B8B86D100A74CDF /* Supporting Files */ = {
			isa = PBXGroup;
			children = (
				24AC7E991B8B86D100A74CDF /* Info.plist */,
			);
			name = "Supporting Files";
			sourceTree = "<group>";
		};
/* End PBXGroup section */

/* Begin PBXNativeTarget section */
		24AC7E771B8B86D100A74CDF /* LibraryReviewApp */ = {
			isa = PBXNativeTarget;
			buildConfigurationList = 24AC7E9E1B8B86D100A74CDF /* Build configuration list for PBXNativeTarget "LibraryReviewApp" */;
			buildPhases = (
				24AC7E741B8B86D100A74CDF /* Sources */,
				24AC7E751B8B86D100A74CDF /* Frameworks */,
				24AC7E761B8B86D100A74CDF /* Resources */,
			);
			buildRules = (
			);
			dependencies = (
			);
			name = LibraryReviewApp;
			productName = LibraryReviewApp;
			productReference = 24AC7E781B8B86D100A74CDF /* LibraryReviewApp.app */;
			productType = "com.apple.product-type.application";
		};
		24AC7E931B8B86D100A74CDF /* LibraryReviewAppTests */ = {
			isa = PBXNativeTarget;
			buildConfigurationList = 24AC7EA11B8B86D100A74CDF /* Build configuration list for PBXNativeTarget "LibraryReviewAppTests" */;
			buildPhases = (
				24AC7E901B8B86D100A74CDF /* Sources */,
				24AC7E911B8B86D100A74CDF /* Frameworks */,
				24AC7E921B8B86D100A74CDF /* Resources */,
			);
			buildRules = (
			);
			dependencies = (
				24AC7E961B8B86D100A74CDF /* PBXTargetDependency */,
			);
			name = LibraryReviewAppTests;
			productName = LibraryReviewAppTests;
			productReference = 24AC7E941B8B86D100A74CDF /* LibraryReviewAppTests.xctest */;
			productType = "com.apple.product-type.bundle.unit-test";
		};
/* End PBXNativeTarget section */

/* Begin PBXProject section */
		24AC7E701B8B86D100A74CDF /* Project object */ = {
			isa = PBXProject;
			attributes = {
				LastUpgradeCheck = 0640;
				ORGANIZATIONNAME = "Skyler Tanner";
				TargetAttributes = {
					24AC7E771B8B86D100A74CDF = {
						CreatedOnToolsVersion = 6.4;
					};
					24AC7E931B8B86D100A74CDF = {
						CreatedOnToolsVersion = 6.4;
						TestTargetID = 24AC7E771B8B86D100A74CDF;
					};
				};
			};
			buildConfigurationList = 24AC7E731B8B86D100A74CDF /* Build configuration list for PBXProject "LibraryReviewApp" */;
			compatibilityVersion = "Xcode 3.2";
			developmentRegion = English;
			hasScannedForEncodings = 0;
			knownRegions = (
				en,
				Base,
			);
			mainGroup = 24AC7E6F1B8B86D100A74CDF;
			productRefGroup = 24AC7E791B8B86D100A74CDF /* Products */;
			projectDirPath = "";
			projectRoot = "";
			targets = (
				24AC7E771B8B86D100A74CDF /* LibraryReviewApp */,
				24AC7E931B8B86D100A74CDF /* LibraryReviewAppTests */,
			);
		};
/* End PBXProject section */

/* Begin PBXResourcesBuildPhase section */
		24AC7E761B8B86D100A74CDF /* Resources */ = {
			isa = PBXResourcesBuildPhase;
			buildActionMask = 2147483647;
			files = (
				24AC7E8A1B8B86D100A74CDF /* Main.storyboard in Resources */,
				24AC7E8F1B8B86D100A74CDF /* LaunchScreen.xib in Resources */,
				24AC7E8C1B8B86D100A74CDF /* Images.xcassets in Resources */,
			);
			runOnlyForDeploymentPostprocessing = 0;
		};
		24AC7E921B8B86D100A74CDF /* Resources */ = {
			isa = PBXResourcesBuildPhase;
			buildActionMask = 2147483647;
			files = (
			);
			runOnlyForDeploymentPostprocessing = 0;
		};
/* End PBXResourcesBuildPhase section */

/* Begin PBXSourcesBuildPhase section */
		24AC7E741B8B86D100A74CDF /* Sources */ = {
			isa = PBXSourcesBuildPhase;
			buildActionMask = 2147483647;
			files = (
				24AC7E811B8B86D100A74CDF /* AppDelegate.m in Sources */,
				24AC7E841B8B86D100A74CDF /* LibraryReviewApp.xcdatamodeld in Sources */,
				24AC7E871B8B86D100A74CDF /* ViewController.m in Sources */,
				24AC7E7E1B8B86D100A74CDF /* main.m in Sources */,
			);
			runOnlyForDeploymentPostprocessing = 0;
		};
		24AC7E901B8B86D100A74CDF /* Sources */ = {
			isa = PBXSourcesBuildPhase;
			buildActionMask = 2147483647;
			files = (
				24AC7E9B1B8B86D100A74CDF /* LibraryReviewAppTests.m in Sources */,
			);
			runOnlyForDeploymentPostprocessing = 0;
		};
/* End PBXSourcesBuildPhase section */

/* Begin PBXTargetDependency section */
		24AC7E961B8B86D100A74CDF /* PBXTargetDependency */ = {
			isa = PBXTargetDependency;
			target = 24AC7E771B8B86D100A74CDF /* LibraryReviewApp */;
			targetProxy = 24AC7E951B8B86D100A74CDF /* PBXContainerItemProxy */;
		};
/* End PBXTargetDependency section */

/* Begin PBXVariantGroup section */
		24AC7E881B8B86D100A74CDF /* Main.storyboard */ = {
			isa = PBXVariantGroup;
			children = (
				24AC7E891B8B86D100A74CDF /* Base */,
			);
			name = Main.storyboard;
			sourceTree = "<group>";
		};
		24AC7E8D1B8B86D100A74CDF /* LaunchScreen.xib */ = {
			isa = PBXVariantGroup;
			children = (
				24AC7E8E1B8B86D100A74CDF /* Base */,
			);
			name = LaunchScreen.xib;
			sourceTree = "<group>";
		};
/* End PBXVariantGroup section */

/* Begin XCBuildConfiguration section */
		24AC7E9C1B8B86D100A74CDF /* Debug */ = {
			isa = XCBuildConfiguration;
			buildSettings = {
				ALWAYS_SEARCH_USER_PATHS = NO;
				CLANG_CXX_LANGUAGE_STANDARD = "gnu++0x";
				CLANG_CXX_LIBRARY = "libc++";
				CLANG_ENABLE_MODULES = YES;
				CLANG_ENABLE_OBJC_ARC = YES;
				CLANG_WARN_BOOL_CONVERSION = YES;
				CLANG_WARN_CONSTANT_CONVERSION = YES;
				CLANG_WARN_DIRECT_OBJC_ISA_USAGE = YES_ERROR;
				CLANG_WARN_EMPTY_BODY = YES;
				CLANG_WARN_ENUM_CONVERSION = YES;
				CLANG_WARN_INT_CONVERSION = YES;
				CLANG_WARN_OBJC_ROOT_CLASS = YES_ERROR;
				CLANG_WARN_UNREACHABLE_CODE = YES;
				CLANG_WARN__DUPLICATE_METHOD_MATCH = YES;
				"CODE_SIGN_IDENTITY[sdk=iphoneos*]" = "iPhone Developer";
				COPY_PHASE_STRIP = NO;
				DEBUG_INFORMATION_FORMAT = "dwarf-with-dsym";
				ENABLE_STRICT_OBJC_MSGSEND = YES;
				GCC_C_LANGUAGE_STANDARD = gnu99;
				GCC_DYNAMIC_NO_PIC = NO;
				GCC_NO_COMMON_BLOCKS = YES;
				GCC_OPTIMIZATION_LEVEL = 0;
				GCC_PREPROCESSOR_DEFINITIONS = (
					"DEBUG=1",
					"$(inherited)",
				);
				GCC_SYMBOLS_PRIVATE_EXTERN = NO;
				GCC_WARN_64_TO_32_BIT_CONVERSION = YES;
				GCC_WARN_ABOUT_RETURN_TYPE = YES_ERROR;
				GCC_WARN_UNDECLARED_SELECTOR = YES;
				GCC_WARN_UNINITIALIZED_AUTOS = YES_AGGRESSIVE;
				GCC_WARN_UNUSED_FUNCTION = YES;
				GCC_WARN_UNUSED_VARIABLE = YES;
				IPHONEOS_DEPLOYMENT_TARGET = 8.4;
				MTL_ENABLE_DEBUG_INFO = YES;
				ONLY_ACTIVE_ARCH = YES;
				SDKROOT = iphoneos;
			};
			name = Debug;
		};
		24AC7E9D1B8B86D100A74CDF /* Release */ = {
			isa = XCBuildConfiguration;
			buildSettings = {
				ALWAYS_SEARCH_USER_PATHS = NO;
				CLANG_CXX_LANGUAGE_STANDARD = "gnu++0x";
				CLANG_CXX_LIBRARY = "libc++";
				CLANG_ENABLE_MODULES = YES;
				CLANG_ENABLE_OBJC_ARC = YES;
				CLANG_WARN_BOOL_CONVERSION = YES;
				CLANG_WARN_CONSTANT_CONVERSION = YES;
				CLANG_WARN_DIRECT_OBJC_ISA_USAGE = YES_ERROR;
				CLANG_WARN_EMPTY_BODY = YES;
				CLANG_WARN_ENUM_CONVERSION = YES;
				CLANG_WARN_INT_CONVERSION = YES;
				CLANG_WARN_OBJC_ROOT_CLASS = YES_ERROR;
				CLANG_WARN_UNREACHABLE_CODE = YES;
				CLANG_WARN__DUPLICATE_METHOD_MATCH = YES;
				"CODE_SIGN_IDENTITY[sdk=iphoneos*]" = "iPhone Developer";
				COPY_PHASE_STRIP = NO;
				DEBUG_INFORMATION_FORMAT = "dwarf-with-dsym";
				ENABLE_NS_ASSERTIONS = NO;
				ENABLE_STRICT_OBJC_MSGSEND = YES;
				GCC_C_LANGUAGE_STANDARD = gnu99;
				GCC_NO_COMMON_BLOCKS = YES;
				GCC_WARN_64_TO_32_BIT_CONVERSION = YES;
				GCC_WARN_ABOUT_RETURN_TYPE = YES_ERROR;
				GCC_WARN_UNDECLARED_SELECTOR = YES;
				GCC_WARN_UNINITIALIZED_AUTOS = YES_AGGRESSIVE;
				GCC_WARN_UNUSED_FUNCTION = YES;
				GCC_WARN_UNUSED_VARIABLE = YES;
				IPHONEOS_DEPLOYMENT_TARGET = 8.4;
				MTL_ENABLE_DEBUG_INFO = NO;
				SDKROOT = iphoneos;
				VALIDATE_PRODUCT = YES;
			};
			name = Release;
		};
		24AC7E9F1B8B86D100A74CDF /* Debug */ = {
			isa = XCBuildConfiguration;
			buildSettings = {
				ASSETCATALOG_COMPILER_APPICON_NAME = AppIcon;
				INFOPLIST_FILE = LibraryReviewApp/Info.plist;
				LD_RUNPATH_SEARCH_PATHS = "$(inherited) @executable_path/Frameworks";
				PRODUCT_NAME = "$(TARGET_NAME)";
			};
			name = Debug;
		};
		24AC7EA01B8B86D100A74CDF /* Release */ = {
			isa = XCBuildConfiguration;
			buildSettings = {
				ASSETCATALOG_COMPILER_APPICON_NAME = AppIcon;
				INFOPLIST_FILE = LibraryReviewApp/Info.plist;
				LD_RUNPATH_SEARCH_PATHS = "$(inherited) @executable_path/Frameworks";
				PRODUCT_NAME = "$(TARGET_NAME)";
			};
			name = Release;
		};
		24AC7EA21B8B86D100A74CDF /* Debug */ = {
			isa = XCBuildConfiguration;
			buildSettings = {
				BUNDLE_LOADER = "$(TEST_HOST)";
				FRAMEWORK_SEARCH_PATHS = (
					"$(SDKROOT)/Developer/Library/Frameworks",
					"$(inherited)",
				);
				GCC_PREPROCESSOR_DEFINITIONS = (
					"DEBUG=1",
					"$(inherited)",
				);
				INFOPLIST_FILE = LibraryReviewAppTests/Info.plist;
				LD_RUNPATH_SEARCH_PATHS = "$(inherited) @executable_path/Frameworks @loader_path/Frameworks";
				PRODUCT_NAME = "$(TARGET_NAME)";
				TEST_HOST = "$(BUILT_PRODUCTS_DIR)/LibraryReviewApp.app/LibraryReviewApp";
			};
			name = Debug;
		};
		24AC7EA31B8B86D100A74CDF /* Release */ = {
			isa = XCBuildConfiguration;
			buildSettings = {
				BUNDLE_LOADER = "$(TEST_HOST)";
				FRAMEWORK_SEARCH_PATHS = (
					"$(SDKROOT)/Developer/Library/Frameworks",
					"$(inherited)",
				);
				INFOPLIST_FILE = LibraryReviewAppTests/Info.plist;
				LD_RUNPATH_SEARCH_PATHS = "$(inherited) @executable_path/Frameworks @loader_path/Frameworks";
				PRODUCT_NAME = "$(TARGET_NAME)";
				TEST_HOST = "$(BUILT_PRODUCTS_DIR)/LibraryReviewApp.app/LibraryReviewApp";
			};
			name = Release;
		};
/* End XCBuildConfiguration section */

/* Begin XCConfigurationList section */
		24AC7E731B8B86D100A74CDF /* Build configuration list for PBXProject "LibraryReviewApp" */ = {
			isa = XCConfigurationList;
			buildConfigurations = (
				24AC7E9C1B8B86D100A74CDF /* Debug */,
				24AC7E9D1B8B86D100A74CDF /* Release */,
			);
			defaultConfigurationIsVisible = 0;
			defaultConfigurationName = Release;
		};
		24AC7E9E1B8B86D100A74CDF /* Build configuration list for PBXNativeTarget "LibraryReviewApp" */ = {
			isa = XCConfigurationList;
			buildConfigurations = (
				24AC7E9F1B8B86D100A74CDF /* Debug */,
				24AC7EA01B8B86D100A74CDF /* Release */,
			);
			defaultConfigurationIsVisible = 0;
		};
		24AC7EA11B8B86D100A74CDF /* Build configuration list for PBXNativeTarget "LibraryReviewAppTests" */ = {
			isa = XCConfigurationList;
			buildConfigurations = (
				24AC7EA21B8B86D100A74CDF /* Debug */,
				24AC7EA31B8B86D100A74CDF /* Release */,
			);
			defaultConfigurationIsVisible = 0;
		};
/* End XCConfigurationList section */

/* Begin XCVersionGroup section */
		24AC7E821B8B86D100A74CDF /* LibraryReviewApp.xcdatamodeld */ = {
			isa = XCVersionGroup;
			children = (
				24AC7E831B8B86D100A74CDF /* LibraryReviewApp.xcdatamodel */,
			);
			currentVersion = 24AC7E831B8B86D100A74CDF /* LibraryReviewApp.xcdatamodel */;
			path = LibraryReviewApp.xcdatamodeld;
			sourceTree = "<group>";
			versionGroupType = wrapper.xcdatamodel;
		};
/* End XCVersionGroup section */
	};
	rootObject = 24AC7E701B8B86D100A74CDF /* Project object */;
}
